
Microsoft Visual Studio Solution File, Format Version 12.00
# Visual Studio Version 16
VisualStudioVersion = 16.0.31515.178
MinimumVisualStudioVersion = 10.0.40219.1
Project("{FAE04EC0-301F-11D3-BF4B-00C04F79EFBC}") = "WebApi", "WebApi\WebApi.csproj", "{55F06EA6-3664-48AC-9F5A-C6B02D318A5D}"
EndProject
Project("{FAE04EC0-301F-11D3-BF4B-00C04F79EFBC}") = "ServicesNew", "ServicesNew\ServicesNew.csproj", "{A0C91B3A-56B7-4B73-8E44-93995FE5F5D4}"
EndProject
Project("{9A19103F-16F7-4668-BE54-9A1E7A4F7556}") = "Interfaces", "Interfaces\Interfaces.csproj", "{BCC0DA2C-7F2E-4670-AC3E-6263B929420B}"
EndProject
Global
	GlobalSection(SolutionConfigurationPlatforms) = preSolution
		Debug|Any CPU = Debug|Any CPU
		Release|Any CPU = Release|Any CPU
	EndGlobalSection
	GlobalSection(ProjectConfigurationPlatforms) = postSolution
		{55F06EA6-3664-48AC-9F5A-C6B02D318A5D}.Debug|Any CPU.ActiveCfg = Debug|Any CPU
		{55F06EA6-3664-48AC-9F5A-C6B02D318A5D}.Debug|Any CPU.Build.0 = Debug|Any CPU
		{55F06EA6-3664-48AC-9F5A-C6B02D318A5D}.Release|Any CPU.ActiveCfg = Release|Any CPU
		{55F06EA6-3664-48AC-9F5A-C6B02D318A5D}.Release|Any CPU.Build.0 = Release|Any CPU
		{A0C91B3A-56B7-4B73-8E44-93995FE5F5D4}.Debug|Any CPU.ActiveCfg = Debug|Any CPU
		{A0C91B3A-56B7-4B73-8E44-93995FE5F5D4}.Debug|Any CPU.Build.0 = Debug|Any CPU
		{A0C91B3A-56B7-4B73-8E44-93995FE5F5D4}.Release|Any CPU.ActiveCfg = Release|Any CPU
		{A0C91B3A-56B7-4B73-8E44-93995FE5F5D4}.Release|Any CPU.Build.0 = Release|Any CPU
		{BCC0DA2C-7F2E-4670-AC3E-6263B929420B}.Debug|Any CPU.ActiveCfg = Debug|Any CPU
		{BCC0DA2C-7F2E-4670-AC3E-6263B929420B}.Debug|Any CPU.Build.0 = Debug|Any CPU
		{BCC0DA2C-7F2E-4670-AC3E-6263B929420B}.Release|Any CPU.ActiveCfg = Release|Any CPU
		{BCC0DA2C-7F2E-4670-AC3E-6263B929420B}.Release|Any CPU.Build.0 = Release|Any CPU
	EndGlobalSection
	GlobalSection(SolutionProperties) = preSolution
		HideSolutionNode = FALSE
	EndGlobalSection
	GlobalSection(ExtensibilityGlobals) = postSolution
		SolutionGuid = {4EA4BD27-0988-49B8-9503-35C638F8E517}
	EndGlobalSection
EndGlobal
