
Microsoft Visual Studio Solution File, Format Version 12.00
# Visual Studio Version 16
VisualStudioVersion = 16.0.31624.102
MinimumVisualStudioVersion = 10.0.40219.1
Project("{FAE04EC0-301F-11D3-BF4B-00C04F79EFBC}") = "WebApplication1", "WebApplication1\WebApplication1.csproj", "{4399ED80-0D6F-4DE5-8160-4D0CD7AFEB7C}"
EndProject
Global
	GlobalSection(SolutionConfigurationPlatforms) = preSolution
		Debug|Any CPU = Debug|Any CPU
		Release|Any CPU = Release|Any CPU
	EndGlobalSection
	GlobalSection(ProjectConfigurationPlatforms) = postSolution
		{4399ED80-0D6F-4DE5-8160-4D0CD7AFEB7C}.Debug|Any CPU.ActiveCfg = Debug|Any CPU
		{4399ED80-0D6F-4DE5-8160-4D0CD7AFEB7C}.Debug|Any CPU.Build.0 = Debug|Any CPU
		{4399ED80-0D6F-4DE5-8160-4D0CD7AFEB7C}.Release|Any CPU.ActiveCfg = Release|Any CPU
		{4399ED80-0D6F-4DE5-8160-4D0CD7AFEB7C}.Release|Any CPU.Build.0 = Release|Any CPU
	EndGlobalSection
	GlobalSection(SolutionProperties) = preSolution
		HideSolutionNode = FALSE
	EndGlobalSection
	GlobalSection(ExtensibilityGlobals) = postSolution
		SolutionGuid = {360C4CA3-45FA-4E08-ABE6-0406D18A4034}
	EndGlobalSection
EndGlobal
