
Microsoft Visual Studio Solution File, Format Version 12.00
# Visual Studio Version 16
VisualStudioVersion = 16.0.31624.102
MinimumVisualStudioVersion = 10.0.40219.1
Project("{FAE04EC0-301F-11D3-BF4B-00C04F79EFBC}") = "WebApplication1", "WebApplication1\WebApplication1.csproj", "{7CD84520-49DA-419A-9B7C-2662CAEAB016}"
EndProject
Project("{9A19103F-16F7-4668-BE54-9A1E7A4F7556}") = "ConsoleApp1", "ConsoleApp1\ConsoleApp1.csproj", "{C9F7CD4C-FA49-431F-8B6B-30356E926F20}"
EndProject
Global
	GlobalSection(SolutionConfigurationPlatforms) = preSolution
		Debug|Any CPU = Debug|Any CPU
		Release|Any CPU = Release|Any CPU
	EndGlobalSection
	GlobalSection(ProjectConfigurationPlatforms) = postSolution
		{7CD84520-49DA-419A-9B7C-2662CAEAB016}.Debug|Any CPU.ActiveCfg = Debug|Any CPU
		{7CD84520-49DA-419A-9B7C-2662CAEAB016}.Debug|Any CPU.Build.0 = Debug|Any CPU
		{7CD84520-49DA-419A-9B7C-2662CAEAB016}.Release|Any CPU.ActiveCfg = Release|Any CPU
		{7CD84520-49DA-419A-9B7C-2662CAEAB016}.Release|Any CPU.Build.0 = Release|Any CPU
		{C9F7CD4C-FA49-431F-8B6B-30356E926F20}.Debug|Any CPU.ActiveCfg = Debug|Any CPU
		{C9F7CD4C-FA49-431F-8B6B-30356E926F20}.Debug|Any CPU.Build.0 = Debug|Any CPU
		{C9F7CD4C-FA49-431F-8B6B-30356E926F20}.Release|Any CPU.ActiveCfg = Release|Any CPU
		{C9F7CD4C-FA49-431F-8B6B-30356E926F20}.Release|Any CPU.Build.0 = Release|Any CPU
	EndGlobalSection
	GlobalSection(SolutionProperties) = preSolution
		HideSolutionNode = FALSE
	EndGlobalSection
	GlobalSection(ExtensibilityGlobals) = postSolution
		SolutionGuid = {D3744B83-A6A7-4375-A719-AA76D75C9D27}
	EndGlobalSection
EndGlobal
