
Microsoft Visual Studio Solution File, Format Version 12.00
# Visual Studio Version 16
VisualStudioVersion = 16.0.31624.102
MinimumVisualStudioVersion = 10.0.40219.1
Project("{9A19103F-16F7-4668-BE54-9A1E7A4F7556}") = "WebApplication1", "WebApplication1\WebApplication1.csproj", "{DBCD11AA-07EF-4ED7-B9F9-673D2DBB8A78}"
EndProject
Project("{9A19103F-16F7-4668-BE54-9A1E7A4F7556}") = "ConsoleApp1", "ConsoleApp1\ConsoleApp1.csproj", "{93061C1E-3230-4BCA-93BD-F4B83DDAB4F3}"
EndProject
Global
	GlobalSection(SolutionConfigurationPlatforms) = preSolution
		Debug|Any CPU = Debug|Any CPU
		Release|Any CPU = Release|Any CPU
	EndGlobalSection
	GlobalSection(ProjectConfigurationPlatforms) = postSolution
		{DBCD11AA-07EF-4ED7-B9F9-673D2DBB8A78}.Debug|Any CPU.ActiveCfg = Debug|Any CPU
		{DBCD11AA-07EF-4ED7-B9F9-673D2DBB8A78}.Debug|Any CPU.Build.0 = Debug|Any CPU
		{DBCD11AA-07EF-4ED7-B9F9-673D2DBB8A78}.Release|Any CPU.ActiveCfg = Release|Any CPU
		{DBCD11AA-07EF-4ED7-B9F9-673D2DBB8A78}.Release|Any CPU.Build.0 = Release|Any CPU
		{93061C1E-3230-4BCA-93BD-F4B83DDAB4F3}.Debug|Any CPU.ActiveCfg = Debug|Any CPU
		{93061C1E-3230-4BCA-93BD-F4B83DDAB4F3}.Debug|Any CPU.Build.0 = Debug|Any CPU
		{93061C1E-3230-4BCA-93BD-F4B83DDAB4F3}.Release|Any CPU.ActiveCfg = Release|Any CPU
		{93061C1E-3230-4BCA-93BD-F4B83DDAB4F3}.Release|Any CPU.Build.0 = Release|Any CPU
	EndGlobalSection
	GlobalSection(SolutionProperties) = preSolution
		HideSolutionNode = FALSE
	EndGlobalSection
	GlobalSection(ExtensibilityGlobals) = postSolution
		SolutionGuid = {1FE0C1A2-A3A2-4968-8F94-4479B2D583D6}
	EndGlobalSection
EndGlobal
