
Microsoft Visual Studio Solution File, Format Version 12.00
# Visual Studio Version 16
VisualStudioVersion = 16.0.31605.320
MinimumVisualStudioVersion = 10.0.40219.1
Project("{FAE04EC0-301F-11D3-BF4B-00C04F79EFBC}") = "WebApplication1", "WebApplication1\WebApplication1.csproj", "{55658AE1-97F8-4BEB-9FE3-1D79829D6465}"
EndProject
Global
	GlobalSection(SolutionConfigurationPlatforms) = preSolution
		Debug|Any CPU = Debug|Any CPU
		Release|Any CPU = Release|Any CPU
	EndGlobalSection
	GlobalSection(ProjectConfigurationPlatforms) = postSolution
		{55658AE1-97F8-4BEB-9FE3-1D79829D6465}.Debug|Any CPU.ActiveCfg = Debug|Any CPU
		{55658AE1-97F8-4BEB-9FE3-1D79829D6465}.Debug|Any CPU.Build.0 = Debug|Any CPU
		{55658AE1-97F8-4BEB-9FE3-1D79829D6465}.Release|Any CPU.ActiveCfg = Release|Any CPU
		{55658AE1-97F8-4BEB-9FE3-1D79829D6465}.Release|Any CPU.Build.0 = Release|Any CPU
	EndGlobalSection
	GlobalSection(SolutionProperties) = preSolution
		HideSolutionNode = FALSE
	EndGlobalSection
	GlobalSection(ExtensibilityGlobals) = postSolution
		SolutionGuid = {BF2CCE34-08F6-495F-B6A1-803FF45EADA4}
	EndGlobalSection
EndGlobal
